PODS:
  - AMCoreAudio (3.3.1)
  - EmitterKit (5.2.2)
  - KeychainSwift (13.0.0)
  - ReSwift (6.1.1)
  - Sentry (8.51.1):
    - Sentry/Core (= 8.51.1)
  - Sentry/Core (8.51.1)
  - Sparkle (1.27.3)
  - STPrivilegedTask (1.0.7)
  - SwiftHTTP (3.0.1)
  - SwiftLint (0.51.0)
  - SwiftyJSON (4.3.0)
  - SwiftyUserDefaults (4.0.0)
  - WebViewJavascriptBridge (6.0.3)
  - Zip (2.1.2)

DEPENDENCIES:
  - AMCoreAudio (~> 3.3.0)
  - EmitterKit (~> 5.2.2)
  - KeychainSwift (~> 13.0)
  - ReSwift (~> 6.1)
  - Sentry (~> 8.51.1)
  - Sparkle (~> 1.24)
  - STPrivilegedTask (from `https://github.com/sveinbjornt/STPrivilegedTask.git`, commit `fdca677c77adb166a2be4c5ea9c7580a738c49c9`)
  - SwiftHTTP (~> 3.0)
  - SwiftLint
  - SwiftyJSON (~> 4.2)
  - SwiftyUserDefaults (= 4.0)
  - WebViewJavascriptBridge (~> 6.0)
  - Zip (~> 2.1.2)

SPEC REPOS:
  https://github.com/CocoaPods/Specs.git:
    - AMCoreAudio
    - EmitterKit
    - KeychainSwift
    - ReSwift
    - Sentry
    - Sparkle
    - SwiftHTTP
    - SwiftLint
    - SwiftyJSON
    - SwiftyUserDefaults
    - WebViewJavascriptBridge
    - Zip

EXTERNAL SOURCES:
  STPrivilegedTask:
    :commit: fdca677c77adb166a2be4c5ea9c7580a738c49c9
    :git: https://github.com/sveinbjornt/STPrivilegedTask.git

CHECKOUT OPTIONS:
  STPrivilegedTask:
    :commit: fdca677c77adb166a2be4c5ea9c7580a738c49c9
    :git: https://github.com/sveinbjornt/STPrivilegedTask.git

SPEC CHECKSUMS:
  AMCoreAudio: 6bf97d548d02ebb75b56c1cbf6b1f87bcfdeb748
  EmitterKit: e7a27b37118823d8ad413b8396f75e40d59f8cba
  KeychainSwift: 23d6c16cbc33f20fafa30c3d783241b4b87d998c
  ReSwift: 929afd2c897f0d33c76c730710a31bb2d2a66713
  Sentry: d950c807ffb8e966ebf019b546505a144d35d439
  Sparkle: 9c92b492e4eedc1abe98ca77cb3ecc6f1223b01e
  STPrivilegedTask: 56c3397238a1ec07720fb877a044898373cd2c68
  SwiftHTTP: e94f1aa8cde58637dcc0100f6349de31a3337fde
  SwiftLint: 1b7561918a19e23bfed960e40759086e70f4dba5
  SwiftyJSON: 6faa0040f8b59dead0ee07436cbf76b73c08fd08
  SwiftyUserDefaults: 6a1951df1daa19337862b677dd9a4b9bd4c288cd
  WebViewJavascriptBridge: 7f5bc4d3581e672e8f32bd0f812d54bc69bb8e29
  Zip: b3fef584b147b6e582b2256a9815c897d60ddc67

PODFILE CHECKSUM: 019b3b188f710c297daeb549edbf717b90b26777

COCOAPODS: 1.16.2
